
Microsoft Visual Studio Solution File, Format Version 12.00
# Visual Studio Version 17
VisualStudioVersion = 17.9.34622.214
MinimumVisualStudioVersion = 10.0.40219.1
Project("{9A19103F-16F7-4668-BE54-9A1E7A4F7556}") = "ProjektTestowy", "ProjektTestowy.csproj", "{43AED5ED-8ED7-4242-8D68-26259FB241B8}"
EndProject
Project("{FAE04EC0-301F-11D3-BF4B-00C04F79EFBC}") = "TestowyProjekt.Specflow", "..\TestowyProjekt.Specflow\TestowyProjekt.Specflow.csproj", "{7A300CBD-152E-4903-A496-FF799A9B766D}"
EndProject
Global
	GlobalSection(SolutionConfigurationPlatforms) = preSolution
		Debug|Any CPU = Debug|Any CPU
		Release|Any CPU = Release|Any CPU
	EndGlobalSection
	GlobalSection(ProjectConfigurationPlatforms) = postSolution
		{43AED5ED-8ED7-4242-8D68-26259FB241B8}.Debug|Any CPU.ActiveCfg = Debug|Any CPU
		{43AED5ED-8ED7-4242-8D68-26259FB241B8}.Debug|Any CPU.Build.0 = Debug|Any CPU
		{43AED5ED-8ED7-4242-8D68-26259FB241B8}.Release|Any CPU.ActiveCfg = Release|Any CPU
		{43AED5ED-8ED7-4242-8D68-26259FB241B8}.Release|Any CPU.Build.0 = Release|Any CPU
		{7A300CBD-152E-4903-A496-FF799A9B766D}.Debug|Any CPU.ActiveCfg = Debug|Any CPU
		{7A300CBD-152E-4903-A496-FF799A9B766D}.Debug|Any CPU.Build.0 = Debug|Any CPU
		{7A300CBD-152E-4903-A496-FF799A9B766D}.Release|Any CPU.ActiveCfg = Release|Any CPU
		{7A300CBD-152E-4903-A496-FF799A9B766D}.Release|Any CPU.Build.0 = Release|Any CPU
	EndGlobalSection
	GlobalSection(SolutionProperties) = preSolution
		HideSolutionNode = FALSE
	EndGlobalSection
	GlobalSection(ExtensibilityGlobals) = postSolution
		SolutionGuid = {4A5EEF45-0709-4836-8222-717896C1AC8E}
	EndGlobalSection
EndGlobal
